
Microsoft Visual Studio Solution File, Format Version 12.00
# Visual Studio 15
VisualStudioVersion = 15.0.26124.0
MinimumVisualStudioVersion = 15.0.26124.0
Project("{2150E333-8FDC-42A3-9474-1A3956D46DE8}") = "ObjectOriented", "ObjectOriented", "{01B2FD7D-ABFD-44A3-A35B-00A4FE4F836B}"
EndProject
Project("{FAE04EC0-301F-11D3-BF4B-00C04F79EFBC}") = "GoF.DesignPatterns", "ObjectOriented\GoF.DesignPatterns\GoF.DesignPatterns.csproj", "{8A12EF1A-1B20-4D1A-AAA3-A5B4FF409210}"
EndProject
Project("{FAE04EC0-301F-11D3-BF4B-00C04F79EFBC}") = "GoF.DesignPatterns.Tests", "ObjectOriented\GoF.DesignPatterns.Tests\GoF.DesignPatterns.Tests.csproj", "{30C59EC2-F391-4428-895D-C505B1D96437}"
EndProject
Project("{2150E333-8FDC-42A3-9474-1A3956D46DE8}") = "Functional", "Functional", "{27FD59A7-1FE8-4612-AD70-C910F78FD15E}"
EndProject
Project("{FAE04EC0-301F-11D3-BF4B-00C04F79EFBC}") = "GoF.DesignPatterns", "Functional\GoF.DesignPatterns\GoF.DesignPatterns.csproj", "{77BCEF13-ADA1-4AE8-925F-B9E1D5776C34}"
EndProject
Project("{FAE04EC0-301F-11D3-BF4B-00C04F79EFBC}") = "GoF.DesignPatterns.Tests", "Functional\GoF.DesignPatterns.Tests\GoF.DesignPatterns.Tests.csproj", "{9047E24B-DACC-49D0-8EB7-E3BD86579233}"
EndProject
Project("{2150E333-8FDC-42A3-9474-1A3956D46DE8}") = "Procedural", "Procedural", "{AE5F8C20-B0F4-45C2-8572-0D7F806E4596}"
EndProject
Project("{FAE04EC0-301F-11D3-BF4B-00C04F79EFBC}") = "GoF.DesignPatterns", "Procedural\GoF.DesignPatterns\GoF.DesignPatterns.csproj", "{3396A622-FDF2-4AF8-9505-A8AD1772F4EF}"
EndProject
Project("{FAE04EC0-301F-11D3-BF4B-00C04F79EFBC}") = "GoF.DesignPatterns.Tests", "Procedural\GoF.DesignPatterns.Tests\GoF.DesignPatterns.Tests.csproj", "{F4267602-0B7B-4529-9F0D-9314749DB028}"
EndProject
Global
	GlobalSection(SolutionConfigurationPlatforms) = preSolution
		Debug|Any CPU = Debug|Any CPU
		Debug|x64 = Debug|x64
		Debug|x86 = Debug|x86
		Release|Any CPU = Release|Any CPU
		Release|x64 = Release|x64
		Release|x86 = Release|x86
	EndGlobalSection
	GlobalSection(SolutionProperties) = preSolution
		HideSolutionNode = FALSE
	EndGlobalSection
	GlobalSection(ProjectConfigurationPlatforms) = postSolution
		{8A12EF1A-1B20-4D1A-AAA3-A5B4FF409210}.Debug|Any CPU.ActiveCfg = Debug|Any CPU
		{8A12EF1A-1B20-4D1A-AAA3-A5B4FF409210}.Debug|Any CPU.Build.0 = Debug|Any CPU
		{8A12EF1A-1B20-4D1A-AAA3-A5B4FF409210}.Debug|x64.ActiveCfg = Debug|Any CPU
		{8A12EF1A-1B20-4D1A-AAA3-A5B4FF409210}.Debug|x64.Build.0 = Debug|Any CPU
		{8A12EF1A-1B20-4D1A-AAA3-A5B4FF409210}.Debug|x86.ActiveCfg = Debug|Any CPU
		{8A12EF1A-1B20-4D1A-AAA3-A5B4FF409210}.Debug|x86.Build.0 = Debug|Any CPU
		{8A12EF1A-1B20-4D1A-AAA3-A5B4FF409210}.Release|Any CPU.ActiveCfg = Release|Any CPU
		{8A12EF1A-1B20-4D1A-AAA3-A5B4FF409210}.Release|Any CPU.Build.0 = Release|Any CPU
		{8A12EF1A-1B20-4D1A-AAA3-A5B4FF409210}.Release|x64.ActiveCfg = Release|Any CPU
		{8A12EF1A-1B20-4D1A-AAA3-A5B4FF409210}.Release|x64.Build.0 = Release|Any CPU
		{8A12EF1A-1B20-4D1A-AAA3-A5B4FF409210}.Release|x86.ActiveCfg = Release|Any CPU
		{8A12EF1A-1B20-4D1A-AAA3-A5B4FF409210}.Release|x86.Build.0 = Release|Any CPU
		{30C59EC2-F391-4428-895D-C505B1D96437}.Debug|Any CPU.ActiveCfg = Debug|Any CPU
		{30C59EC2-F391-4428-895D-C505B1D96437}.Debug|Any CPU.Build.0 = Debug|Any CPU
		{30C59EC2-F391-4428-895D-C505B1D96437}.Debug|x64.ActiveCfg = Debug|Any CPU
		{30C59EC2-F391-4428-895D-C505B1D96437}.Debug|x64.Build.0 = Debug|Any CPU
		{30C59EC2-F391-4428-895D-C505B1D96437}.Debug|x86.ActiveCfg = Debug|Any CPU
		{30C59EC2-F391-4428-895D-C505B1D96437}.Debug|x86.Build.0 = Debug|Any CPU
		{30C59EC2-F391-4428-895D-C505B1D96437}.Release|Any CPU.ActiveCfg = Release|Any CPU
		{30C59EC2-F391-4428-895D-C505B1D96437}.Release|Any CPU.Build.0 = Release|Any CPU
		{30C59EC2-F391-4428-895D-C505B1D96437}.Release|x64.ActiveCfg = Release|Any CPU
		{30C59EC2-F391-4428-895D-C505B1D96437}.Release|x64.Build.0 = Release|Any CPU
		{30C59EC2-F391-4428-895D-C505B1D96437}.Release|x86.ActiveCfg = Release|Any CPU
		{30C59EC2-F391-4428-895D-C505B1D96437}.Release|x86.Build.0 = Release|Any CPU
		{77BCEF13-ADA1-4AE8-925F-B9E1D5776C34}.Debug|Any CPU.ActiveCfg = Debug|Any CPU
		{77BCEF13-ADA1-4AE8-925F-B9E1D5776C34}.Debug|Any CPU.Build.0 = Debug|Any CPU
		{77BCEF13-ADA1-4AE8-925F-B9E1D5776C34}.Debug|x64.ActiveCfg = Debug|Any CPU
		{77BCEF13-ADA1-4AE8-925F-B9E1D5776C34}.Debug|x64.Build.0 = Debug|Any CPU
		{77BCEF13-ADA1-4AE8-925F-B9E1D5776C34}.Debug|x86.ActiveCfg = Debug|Any CPU
		{77BCEF13-ADA1-4AE8-925F-B9E1D5776C34}.Debug|x86.Build.0 = Debug|Any CPU
		{77BCEF13-ADA1-4AE8-925F-B9E1D5776C34}.Release|Any CPU.ActiveCfg = Release|Any CPU
		{77BCEF13-ADA1-4AE8-925F-B9E1D5776C34}.Release|Any CPU.Build.0 = Release|Any CPU
		{77BCEF13-ADA1-4AE8-925F-B9E1D5776C34}.Release|x64.ActiveCfg = Release|Any CPU
		{77BCEF13-ADA1-4AE8-925F-B9E1D5776C34}.Release|x64.Build.0 = Release|Any CPU
		{77BCEF13-ADA1-4AE8-925F-B9E1D5776C34}.Release|x86.ActiveCfg = Release|Any CPU
		{77BCEF13-ADA1-4AE8-925F-B9E1D5776C34}.Release|x86.Build.0 = Release|Any CPU
		{9047E24B-DACC-49D0-8EB7-E3BD86579233}.Debug|Any CPU.ActiveCfg = Debug|Any CPU
		{9047E24B-DACC-49D0-8EB7-E3BD86579233}.Debug|Any CPU.Build.0 = Debug|Any CPU
		{9047E24B-DACC-49D0-8EB7-E3BD86579233}.Debug|x64.ActiveCfg = Debug|Any CPU
		{9047E24B-DACC-49D0-8EB7-E3BD86579233}.Debug|x64.Build.0 = Debug|Any CPU
		{9047E24B-DACC-49D0-8EB7-E3BD86579233}.Debug|x86.ActiveCfg = Debug|Any CPU
		{9047E24B-DACC-49D0-8EB7-E3BD86579233}.Debug|x86.Build.0 = Debug|Any CPU
		{9047E24B-DACC-49D0-8EB7-E3BD86579233}.Release|Any CPU.ActiveCfg = Release|Any CPU
		{9047E24B-DACC-49D0-8EB7-E3BD86579233}.Release|Any CPU.Build.0 = Release|Any CPU
		{9047E24B-DACC-49D0-8EB7-E3BD86579233}.Release|x64.ActiveCfg = Release|Any CPU
		{9047E24B-DACC-49D0-8EB7-E3BD86579233}.Release|x64.Build.0 = Release|Any CPU
		{9047E24B-DACC-49D0-8EB7-E3BD86579233}.Release|x86.ActiveCfg = Release|Any CPU
		{9047E24B-DACC-49D0-8EB7-E3BD86579233}.Release|x86.Build.0 = Release|Any CPU
		{3396A622-FDF2-4AF8-9505-A8AD1772F4EF}.Debug|Any CPU.ActiveCfg = Debug|Any CPU
		{3396A622-FDF2-4AF8-9505-A8AD1772F4EF}.Debug|Any CPU.Build.0 = Debug|Any CPU
		{3396A622-FDF2-4AF8-9505-A8AD1772F4EF}.Debug|x64.ActiveCfg = Debug|Any CPU
		{3396A622-FDF2-4AF8-9505-A8AD1772F4EF}.Debug|x64.Build.0 = Debug|Any CPU
		{3396A622-FDF2-4AF8-9505-A8AD1772F4EF}.Debug|x86.ActiveCfg = Debug|Any CPU
		{3396A622-FDF2-4AF8-9505-A8AD1772F4EF}.Debug|x86.Build.0 = Debug|Any CPU
		{3396A622-FDF2-4AF8-9505-A8AD1772F4EF}.Release|Any CPU.ActiveCfg = Release|Any CPU
		{3396A622-FDF2-4AF8-9505-A8AD1772F4EF}.Release|Any CPU.Build.0 = Release|Any CPU
		{3396A622-FDF2-4AF8-9505-A8AD1772F4EF}.Release|x64.ActiveCfg = Release|Any CPU
		{3396A622-FDF2-4AF8-9505-A8AD1772F4EF}.Release|x64.Build.0 = Release|Any CPU
		{3396A622-FDF2-4AF8-9505-A8AD1772F4EF}.Release|x86.ActiveCfg = Release|Any CPU
		{3396A622-FDF2-4AF8-9505-A8AD1772F4EF}.Release|x86.Build.0 = Release|Any CPU
		{F4267602-0B7B-4529-9F0D-9314749DB028}.Debug|Any CPU.ActiveCfg = Debug|Any CPU
		{F4267602-0B7B-4529-9F0D-9314749DB028}.Debug|Any CPU.Build.0 = Debug|Any CPU
		{F4267602-0B7B-4529-9F0D-9314749DB028}.Debug|x64.ActiveCfg = Debug|Any CPU
		{F4267602-0B7B-4529-9F0D-9314749DB028}.Debug|x64.Build.0 = Debug|Any CPU
		{F4267602-0B7B-4529-9F0D-9314749DB028}.Debug|x86.ActiveCfg = Debug|Any CPU
		{F4267602-0B7B-4529-9F0D-9314749DB028}.Debug|x86.Build.0 = Debug|Any CPU
		{F4267602-0B7B-4529-9F0D-9314749DB028}.Release|Any CPU.ActiveCfg = Release|Any CPU
		{F4267602-0B7B-4529-9F0D-9314749DB028}.Release|Any CPU.Build.0 = Release|Any CPU
		{F4267602-0B7B-4529-9F0D-9314749DB028}.Release|x64.ActiveCfg = Release|Any CPU
		{F4267602-0B7B-4529-9F0D-9314749DB028}.Release|x64.Build.0 = Release|Any CPU
		{F4267602-0B7B-4529-9F0D-9314749DB028}.Release|x86.ActiveCfg = Release|Any CPU
		{F4267602-0B7B-4529-9F0D-9314749DB028}.Release|x86.Build.0 = Release|Any CPU
	EndGlobalSection
	GlobalSection(NestedProjects) = preSolution
		{8A12EF1A-1B20-4D1A-AAA3-A5B4FF409210} = {01B2FD7D-ABFD-44A3-A35B-00A4FE4F836B}
		{30C59EC2-F391-4428-895D-C505B1D96437} = {01B2FD7D-ABFD-44A3-A35B-00A4FE4F836B}
		{77BCEF13-ADA1-4AE8-925F-B9E1D5776C34} = {27FD59A7-1FE8-4612-AD70-C910F78FD15E}
		{9047E24B-DACC-49D0-8EB7-E3BD86579233} = {27FD59A7-1FE8-4612-AD70-C910F78FD15E}
		{3396A622-FDF2-4AF8-9505-A8AD1772F4EF} = {AE5F8C20-B0F4-45C2-8572-0D7F806E4596}
		{F4267602-0B7B-4529-9F0D-9314749DB028} = {AE5F8C20-B0F4-45C2-8572-0D7F806E4596}
	EndGlobalSection
EndGlobal
